
Microsoft Visual Studio Solution File, Format Version 12.00
# Visual Studio 15
Project("{9344BDBB-3E7F-41FC-A0DD-8665D75EE146}") = "dbmanager.UI", "dbmanager.UI\dbmanager.UI.mdproj", "{78DCC450-B1E1-47F6-9896-275CBD5722AA}"
EndProject
Project("{FAE04EC0-301F-11D3-BF4B-00C04F79EFBC}") = "dbmanager.Tests", "dbmanager.Tests\dbmanager.Tests.csproj", "{32CB9C18-ED98-428A-A917-271D2E164B85}"
EndProject
Project("{FAE04EC0-301F-11D3-BF4B-00C04F79EFBC}") = "dbmanager.API", "dbmanager.API\dbmanager.API.csproj", "{18261C69-B0EB-46CE-A2A1-B33CC5612AA7}"
EndProject
Project("{FAE04EC0-301F-11D3-BF4B-00C04F79EFBC}") = "dbmanager.Common", "dbmanager.Common\dbmanager.Common.csproj", "{1307E22A-C1E7-4D90-80A8-CF97F0BCE87E}"
EndProject
Project("{2150E333-8FDC-42A3-9474-1A3956D46DE8}") = "Solution Items", "Solution Items", "{3C950476-4232-408A-8DC5-78A17987F790}"
	ProjectSection(SolutionItems) = preProject
		.gitignore = .gitignore
	EndProjectSection
EndProject
Global
	GlobalSection(SolutionConfigurationPlatforms) = preSolution
		Default|Any CPU = Default|Any CPU
		Debug|Any CPU = Debug|Any CPU
		Release|Any CPU = Release|Any CPU
	EndGlobalSection
	GlobalSection(ProjectConfigurationPlatforms) = postSolution
		{78DCC450-B1E1-47F6-9896-275CBD5722AA}.Default|Any CPU.ActiveCfg = Default|Any CPU
		{78DCC450-B1E1-47F6-9896-275CBD5722AA}.Default|Any CPU.Build.0 = Default|Any CPU
		{78DCC450-B1E1-47F6-9896-275CBD5722AA}.Debug|Any CPU.ActiveCfg = Default|Any CPU
		{78DCC450-B1E1-47F6-9896-275CBD5722AA}.Debug|Any CPU.Build.0 = Default|Any CPU
		{78DCC450-B1E1-47F6-9896-275CBD5722AA}.Release|Any CPU.ActiveCfg = Default|Any CPU
		{78DCC450-B1E1-47F6-9896-275CBD5722AA}.Release|Any CPU.Build.0 = Default|Any CPU
		{32CB9C18-ED98-428A-A917-271D2E164B85}.Default|Any CPU.ActiveCfg = Debug|Any CPU
		{32CB9C18-ED98-428A-A917-271D2E164B85}.Default|Any CPU.Build.0 = Debug|Any CPU
		{32CB9C18-ED98-428A-A917-271D2E164B85}.Debug|Any CPU.ActiveCfg = Debug|Any CPU
		{32CB9C18-ED98-428A-A917-271D2E164B85}.Debug|Any CPU.Build.0 = Debug|Any CPU
		{32CB9C18-ED98-428A-A917-271D2E164B85}.Release|Any CPU.ActiveCfg = Release|Any CPU
		{32CB9C18-ED98-428A-A917-271D2E164B85}.Release|Any CPU.Build.0 = Release|Any CPU
		{18261C69-B0EB-46CE-A2A1-B33CC5612AA7}.Default|Any CPU.ActiveCfg = Debug|Any CPU
		{18261C69-B0EB-46CE-A2A1-B33CC5612AA7}.Default|Any CPU.Build.0 = Debug|Any CPU
		{18261C69-B0EB-46CE-A2A1-B33CC5612AA7}.Debug|Any CPU.ActiveCfg = Debug|Any CPU
		{18261C69-B0EB-46CE-A2A1-B33CC5612AA7}.Debug|Any CPU.Build.0 = Debug|Any CPU
		{18261C69-B0EB-46CE-A2A1-B33CC5612AA7}.Release|Any CPU.ActiveCfg = Release|Any CPU
		{18261C69-B0EB-46CE-A2A1-B33CC5612AA7}.Release|Any CPU.Build.0 = Release|Any CPU
		{1307E22A-C1E7-4D90-80A8-CF97F0BCE87E}.Default|Any CPU.ActiveCfg = Debug|Any CPU
		{1307E22A-C1E7-4D90-80A8-CF97F0BCE87E}.Default|Any CPU.Build.0 = Debug|Any CPU
		{1307E22A-C1E7-4D90-80A8-CF97F0BCE87E}.Debug|Any CPU.ActiveCfg = Debug|Any CPU
		{1307E22A-C1E7-4D90-80A8-CF97F0BCE87E}.Debug|Any CPU.Build.0 = Debug|Any CPU
		{1307E22A-C1E7-4D90-80A8-CF97F0BCE87E}.Release|Any CPU.ActiveCfg = Release|Any CPU
		{1307E22A-C1E7-4D90-80A8-CF97F0BCE87E}.Release|Any CPU.Build.0 = Release|Any CPU
	EndGlobalSection
EndGlobal
